{"is_source_file": false, "format": "", "description": "", "external_files": [], "external_methods": [], "published": [], "classes": [], "methods": [], "calls": [], "search-terms": [], "state": 2, "file_id": 16, "knowledge_revision": 34, "git_revision": "f8dda4c526702a5af9efb69edcc1fdfc9109f125", "hash": "9c4ed7ef73e22b872b8055bec08b8979", "format-version": 4, "code-base-name": "default", "filename": "note_ease/post_process_status.lock", "revision_history": [{"34": "f8dda4c526702a5af9efb69edcc1fdfc9109f125"}]}